
Microsoft Visual Studio Solution File, Format Version 12.00
# Visual Studio 15
VisualStudioVersion = 15.0.34320.172
MinimumVisualStudioVersion = 10.0.40219.1
Project("{FAE04EC0-301F-11D3-BF4B-00C04F79EFBC}") = "Spellbook_AI", "Spellbook_AI\Spellbook_AI.csproj", "{EEA36445-BDF0-402D-A8F4-F59CC34966A3}"
EndProject
Global
	GlobalSection(SolutionConfigurationPlatforms) = preSolution
		Debug|Any CPU = Debug|Any CPU
		Release|Any CPU = Release|Any CPU
	EndGlobalSection
	GlobalSection(ProjectConfigurationPlatforms) = postSolution
		{EEA36445-BDF0-402D-A8F4-F59CC34966A3}.Debug|Any CPU.ActiveCfg = Debug|Any CPU
		{EEA36445-BDF0-402D-A8F4-F59CC34966A3}.Debug|Any CPU.Build.0 = Debug|Any CPU
		{EEA36445-BDF0-402D-A8F4-F59CC34966A3}.Release|Any CPU.ActiveCfg = Release|Any CPU
		{EEA36445-BDF0-402D-A8F4-F59CC34966A3}.Release|Any CPU.Build.0 = Release|Any CPU
	EndGlobalSection
	GlobalSection(SolutionProperties) = preSolution
		HideSolutionNode = FALSE
	EndGlobalSection
	GlobalSection(ExtensibilityGlobals) = postSolution
		SolutionGuid = {37E251A7-4C18-43CD-BE58-FD837C1C918A}
	EndGlobalSection
EndGlobal
